Microsoft Visual Studio Solution File, Format Version 12.00
# Visual Studio 14
Project("{8BC9CEB8-8B4A-11D0-8D11-00A0C91BC942}") = "ALL_BUILD", "ALL_BUILD.vcxproj", "{E1ACD185-FB54-3EF9-BC9A-579D16B346AA}"
	ProjectSection(ProjectDependencies) = postProject
		{46239CF7-3EAD-3321-B03A-75E4F67C96B3} = {46239CF7-3EAD-3321-B03A-75E4F67C96B3}
		{53A7D997-1D40-3097-9F88-B936F1EFF64F} = {53A7D997-1D40-3097-9F88-B936F1EFF64F}
		{88347F4C-B0C6-322F-99B0-522BD9C96766} = {88347F4C-B0C6-322F-99B0-522BD9C96766}
	EndProjectSection
EndProject
Project("{8BC9CEB8-8B4A-11D0-8D11-00A0C91BC942}") = "COPY_DLLS", "COPY_DLLS.vcxproj", "{46239CF7-3EAD-3321-B03A-75E4F67C96B3}"
	ProjectSection(ProjectDependencies) = postProject
		{53A7D997-1D40-3097-9F88-B936F1EFF64F} = {53A7D997-1D40-3097-9F88-B936F1EFF64F}
	EndProjectSection
EndProject
Project("{8BC9CEB8-8B4A-11D0-8D11-00A0C91BC942}") = "ZERO_CHECK", "ZERO_CHECK.vcxproj", "{53A7D997-1D40-3097-9F88-B936F1EFF64F}"
	ProjectSection(ProjectDependencies) = postProject
	EndProjectSection
EndProject
Project("{8BC9CEB8-8B4A-11D0-8D11-00A0C91BC942}") = "myexe", "myexe.vcxproj", "{88347F4C-B0C6-322F-99B0-522BD9C96766}"
	ProjectSection(ProjectDependencies) = postProject
		{53A7D997-1D40-3097-9F88-B936F1EFF64F} = {53A7D997-1D40-3097-9F88-B936F1EFF64F}
	EndProjectSection
EndProject
Global
	GlobalSection(SolutionConfigurationPlatforms) = preSolution
		Debug|Win32 = Debug|Win32
		Release|Win32 = Release|Win32
		MinSizeRel|Win32 = MinSizeRel|Win32
		RelWithDebInfo|Win32 = RelWithDebInfo|Win32
	EndGlobalSection
	GlobalSection(ProjectConfigurationPlatforms) = postSolution
		{E1ACD185-FB54-3EF9-BC9A-579D16B346AA}.Debug|Win32.ActiveCfg = Debug|Win32
		{E1ACD185-FB54-3EF9-BC9A-579D16B346AA}.Release|Win32.ActiveCfg = Release|Win32
		{E1ACD185-FB54-3EF9-BC9A-579D16B346AA}.MinSizeRel|Win32.ActiveCfg = MinSizeRel|Win32
		{E1ACD185-FB54-3EF9-BC9A-579D16B346AA}.RelWithDebInfo|Win32.ActiveCfg = RelWithDebInfo|Win32
		{46239CF7-3EAD-3321-B03A-75E4F67C96B3}.Debug|Win32.ActiveCfg = Debug|Win32
		{46239CF7-3EAD-3321-B03A-75E4F67C96B3}.Debug|Win32.Build.0 = Debug|Win32
		{46239CF7-3EAD-3321-B03A-75E4F67C96B3}.Release|Win32.ActiveCfg = Release|Win32
		{46239CF7-3EAD-3321-B03A-75E4F67C96B3}.Release|Win32.Build.0 = Release|Win32
		{46239CF7-3EAD-3321-B03A-75E4F67C96B3}.MinSizeRel|Win32.ActiveCfg = MinSizeRel|Win32
		{46239CF7-3EAD-3321-B03A-75E4F67C96B3}.MinSizeRel|Win32.Build.0 = MinSizeRel|Win32
		{46239CF7-3EAD-3321-B03A-75E4F67C96B3}.RelWithDebInfo|Win32.ActiveCfg = RelWithDebInfo|Win32
		{46239CF7-3EAD-3321-B03A-75E4F67C96B3}.RelWithDebInfo|Win32.Build.0 = RelWithDebInfo|Win32
		{53A7D997-1D40-3097-9F88-B936F1EFF64F}.Debug|Win32.ActiveCfg = Debug|Win32
		{53A7D997-1D40-3097-9F88-B936F1EFF64F}.Debug|Win32.Build.0 = Debug|Win32
		{53A7D997-1D40-3097-9F88-B936F1EFF64F}.Release|Win32.ActiveCfg = Release|Win32
		{53A7D997-1D40-3097-9F88-B936F1EFF64F}.Release|Win32.Build.0 = Release|Win32
		{53A7D997-1D40-3097-9F88-B936F1EFF64F}.MinSizeRel|Win32.ActiveCfg = MinSizeRel|Win32
		{53A7D997-1D40-3097-9F88-B936F1EFF64F}.MinSizeRel|Win32.Build.0 = MinSizeRel|Win32
		{53A7D997-1D40-3097-9F88-B936F1EFF64F}.RelWithDebInfo|Win32.ActiveCfg = RelWithDebInfo|Win32
		{53A7D997-1D40-3097-9F88-B936F1EFF64F}.RelWithDebInfo|Win32.Build.0 = RelWithDebInfo|Win32
		{88347F4C-B0C6-322F-99B0-522BD9C96766}.Debug|Win32.ActiveCfg = Debug|Win32
		{88347F4C-B0C6-322F-99B0-522BD9C96766}.Debug|Win32.Build.0 = Debug|Win32
		{88347F4C-B0C6-322F-99B0-522BD9C96766}.Release|Win32.ActiveCfg = Release|Win32
		{88347F4C-B0C6-322F-99B0-522BD9C96766}.Release|Win32.Build.0 = Release|Win32
		{88347F4C-B0C6-322F-99B0-522BD9C96766}.MinSizeRel|Win32.ActiveCfg = MinSizeRel|Win32
		{88347F4C-B0C6-322F-99B0-522BD9C96766}.MinSizeRel|Win32.Build.0 = MinSizeRel|Win32
		{88347F4C-B0C6-322F-99B0-522BD9C96766}.RelWithDebInfo|Win32.ActiveCfg = RelWithDebInfo|Win32
		{88347F4C-B0C6-322F-99B0-522BD9C96766}.RelWithDebInfo|Win32.Build.0 = RelWithDebInfo|Win32
	EndGlobalSection
	GlobalSection(ExtensibilityGlobals) = postSolution
	EndGlobalSection
	GlobalSection(ExtensibilityAddIns) = postSolution
	EndGlobalSection
EndGlobal
